PODS:
  - Flutter (1.0.0)
  - flutter_jscore (0.0.1):
    - Flutter

DEPENDENCIES:
  - Flutter (from `Flutter`)
  - flutter_jscore (from `.symlinks/plugins/flutter_jscore/ios`)

EXTERNAL SOURCES:
  Flutter:
    :path: Flutter
  flutter_jscore:
    :path: ".symlinks/plugins/flutter_jscore/ios"

SPEC CHECKSUMS:
  Flutter: 0e3d915762c693b495b44d77113d4970485de6ec
  flutter_jscore: 376f47fdc53824b2fb89a7cf1be8350b1d9ef7f7

PODFILE CHECKSUM: c34e2287a9ccaa606aeceab922830efb9a6ff69a

COCOAPODS: 1.9.3
